
Microsoft Visual Studio Solution File, Format Version 12.00
# Visual Studio Version 17
VisualStudioVersion = 17.9.34728.123
MinimumVisualStudioVersion = 10.0.40219.1
Project("{FAE04EC0-301F-11D3-BF4B-00C04F79EFBC}") = "quiz1", "quiz1\quiz1.csproj", "{DF644664-CE56-4377-8B9F-1C0E87B87461}"
EndProject
Global
	GlobalSection(SolutionConfigurationPlatforms) = preSolution
		Debug|Any CPU = Debug|Any CPU
		Release|Any CPU = Release|Any CPU
	EndGlobalSection
	GlobalSection(ProjectConfigurationPlatforms) = postSolution
		{DF644664-CE56-4377-8B9F-1C0E87B87461}.Debug|Any CPU.ActiveCfg = Debug|Any CPU
		{DF644664-CE56-4377-8B9F-1C0E87B87461}.Debug|Any CPU.Build.0 = Debug|Any CPU
		{DF644664-CE56-4377-8B9F-1C0E87B87461}.Release|Any CPU.ActiveCfg = Release|Any CPU
		{DF644664-CE56-4377-8B9F-1C0E87B87461}.Release|Any CPU.Build.0 = Release|Any CPU
	EndGlobalSection
	GlobalSection(SolutionProperties) = preSolution
		HideSolutionNode = FALSE
	EndGlobalSection
	GlobalSection(ExtensibilityGlobals) = postSolution
		SolutionGuid = {5DD1EE7B-490D-4C40-8BD1-5566CB228CE8}
	EndGlobalSection
EndGlobal
